
Microsoft Visual Studio Solution File, Format Version 12.00
# Visual Studio 2012
Project("{FAE04EC0-301F-11D3-BF4B-00C04F79EFBC}") = "FindAToilet", "FindAToilet\FindAToilet.csproj", "{FC0F44C6-691E-4249-9FAF-C9A9B015EC93}"
EndProject
Global
	GlobalSection(SolutionConfigurationPlatforms) = preSolution
		Debug|Any CPU = Debug|Any CPU
		Release|Any CPU = Release|Any CPU
	EndGlobalSection
	GlobalSection(ProjectConfigurationPlatforms) = postSolution
		{FC0F44C6-691E-4249-9FAF-C9A9B015EC93}.Debug|Any CPU.ActiveCfg = Debug|Any CPU
		{FC0F44C6-691E-4249-9FAF-C9A9B015EC93}.Debug|Any CPU.Build.0 = Debug|Any CPU
		{FC0F44C6-691E-4249-9FAF-C9A9B015EC93}.Release|Any CPU.ActiveCfg = Release|Any CPU
		{FC0F44C6-691E-4249-9FAF-C9A9B015EC93}.Release|Any CPU.Build.0 = Release|Any CPU
	EndGlobalSection
	GlobalSection(SolutionProperties) = preSolution
		HideSolutionNode = FALSE
	EndGlobalSection
EndGlobal
